
Microsoft Visual Studio Solution File, Format Version 12.00
# Visual Studio 15
VisualStudioVersion = 15.0.28307.329
MinimumVisualStudioVersion = 10.0.40219.1
Project("{FAE04EC0-301F-11D3-BF4B-00C04F79EFBC}") = "wfctest", "wfctest\wfctest.csproj", "{0C7BC731-33B7-40DD-83A5-7981A3E675BD}"
EndProject
Global
	GlobalSection(SolutionConfigurationPlatforms) = preSolution
		Debug|Any CPU = Debug|Any CPU
		Debug|x64 = Debug|x64
		Release|Any CPU = Release|Any CPU
		Release|x64 = Release|x64
	EndGlobalSection
	GlobalSection(ProjectConfigurationPlatforms) = postSolution
		{0C7BC731-33B7-40DD-83A5-7981A3E675BD}.Debug|Any CPU.ActiveCfg = Debug|Any CPU
		{0C7BC731-33B7-40DD-83A5-7981A3E675BD}.Debug|Any CPU.Build.0 = Debug|Any CPU
		{0C7BC731-33B7-40DD-83A5-7981A3E675BD}.Debug|x64.ActiveCfg = Debug|x64
		{0C7BC731-33B7-40DD-83A5-7981A3E675BD}.Debug|x64.Build.0 = Debug|x64
		{0C7BC731-33B7-40DD-83A5-7981A3E675BD}.Release|Any CPU.ActiveCfg = Release|Any CPU
		{0C7BC731-33B7-40DD-83A5-7981A3E675BD}.Release|Any CPU.Build.0 = Release|Any CPU
		{0C7BC731-33B7-40DD-83A5-7981A3E675BD}.Release|x64.ActiveCfg = Release|x64
		{0C7BC731-33B7-40DD-83A5-7981A3E675BD}.Release|x64.Build.0 = Release|x64
	EndGlobalSection
	GlobalSection(SolutionProperties) = preSolution
		HideSolutionNode = FALSE
	EndGlobalSection
	GlobalSection(ExtensibilityGlobals) = postSolution
		SolutionGuid = {E01B5F15-AE3E-4764-9590-F7B76186F11A}
	EndGlobalSection
	GlobalSection(Performance) = preSolution
		HasPerformanceSessions = true
	EndGlobalSection
	GlobalSection(Performance) = preSolution
		HasPerformanceSessions = true
	EndGlobalSection
	GlobalSection(Performance) = preSolution
		HasPerformanceSessions = true
	EndGlobalSection
	GlobalSection(Performance) = preSolution
		HasPerformanceSessions = true
	EndGlobalSection
EndGlobal
